
Microsoft Visual Studio Solution File, Format Version 12.00
# Visual Studio Version 17
VisualStudioVersion = 17.0.32014.148
MinimumVisualStudioVersion = 10.0.40219.1
Project("{9A19103F-16F7-4668-BE54-9A1E7A4F7556}") = "SokobanBruteforcer", "SokobanBruteforcer\SokobanBruteforcer.csproj", "{01D160BD-C42B-4214-8D6E-8788A617FE2B}"
EndProject
Project("{9A19103F-16F7-4668-BE54-9A1E7A4F7556}") = "Test.SokobanSolver", "Test.SokobanSolver\Test.SokobanSolver.csproj", "{E672859D-EF73-4131-94C2-FA2EB01B3BF6}"
EndProject
Project("{2150E333-8FDC-42A3-9474-1A3956D46DE8}") = "Solution Items", "Solution Items", "{1C4EBC1D-611E-4487-B501-F7E7AB653A55}"
	ProjectSection(SolutionItems) = preProject
		.editorconfig = .editorconfig
	EndProjectSection
EndProject
Global
	GlobalSection(SolutionConfigurationPlatforms) = preSolution
		Debug|Any CPU = Debug|Any CPU
		Release|Any CPU = Release|Any CPU
	EndGlobalSection
	GlobalSection(ProjectConfigurationPlatforms) = postSolution
		{01D160BD-C42B-4214-8D6E-8788A617FE2B}.Debug|Any CPU.ActiveCfg = Debug|Any CPU
		{01D160BD-C42B-4214-8D6E-8788A617FE2B}.Debug|Any CPU.Build.0 = Debug|Any CPU
		{01D160BD-C42B-4214-8D6E-8788A617FE2B}.Release|Any CPU.ActiveCfg = Release|Any CPU
		{01D160BD-C42B-4214-8D6E-8788A617FE2B}.Release|Any CPU.Build.0 = Release|Any CPU
		{E672859D-EF73-4131-94C2-FA2EB01B3BF6}.Debug|Any CPU.ActiveCfg = Debug|Any CPU
		{E672859D-EF73-4131-94C2-FA2EB01B3BF6}.Debug|Any CPU.Build.0 = Debug|Any CPU
		{E672859D-EF73-4131-94C2-FA2EB01B3BF6}.Release|Any CPU.ActiveCfg = Release|Any CPU
		{E672859D-EF73-4131-94C2-FA2EB01B3BF6}.Release|Any CPU.Build.0 = Release|Any CPU
	EndGlobalSection
	GlobalSection(SolutionProperties) = preSolution
		HideSolutionNode = FALSE
	EndGlobalSection
	GlobalSection(ExtensibilityGlobals) = postSolution
		SolutionGuid = {44DCB47C-E577-4661-857F-D19C4F90D483}
	EndGlobalSection
EndGlobal
